
Microsoft Visual Studio Solution File, Format Version 12.00
# Visual Studio 15
VisualStudioVersion = 15.0.28307.572
MinimumVisualStudioVersion = 10.0.40219.1
Project("{F184B08F-C81C-45F6-A57F-5ABD9991F28F}") = "勤務表計算", "勤務表計算\勤務表計算.vbproj", "{1D8733A4-CB13-47DD-A920-E2AEB41AB0CE}"
EndProject
Global
	GlobalSection(SolutionConfigurationPlatforms) = preSolution
		Debug|Any CPU = Debug|Any CPU
		Release|Any CPU = Release|Any CPU
	EndGlobalSection
	GlobalSection(ProjectConfigurationPlatforms) = postSolution
		{1D8733A4-CB13-47DD-A920-E2AEB41AB0CE}.Debug|Any CPU.ActiveCfg = Debug|Any CPU
		{1D8733A4-CB13-47DD-A920-E2AEB41AB0CE}.Debug|Any CPU.Build.0 = Debug|Any CPU
		{1D8733A4-CB13-47DD-A920-E2AEB41AB0CE}.Release|Any CPU.ActiveCfg = Release|Any CPU
		{1D8733A4-CB13-47DD-A920-E2AEB41AB0CE}.Release|Any CPU.Build.0 = Release|Any CPU
	EndGlobalSection
	GlobalSection(SolutionProperties) = preSolution
		HideSolutionNode = FALSE
	EndGlobalSection
	GlobalSection(ExtensibilityGlobals) = postSolution
		SolutionGuid = {D07C2D71-ABD6-4D16-87CB-FC309F50D619}
	EndGlobalSection
EndGlobal
